<?xml version="1.0" encoding="utf-8"?>
<Project ToolsVersion="4.0" xmlns="http://schemas.microsoft.com/developer/msbuild/2003">
  <ItemGroup>
    <ClCompile Include="arith.cpp">
      <Filter>source</Filter>
    </ClCompile>
    <ClCompile Include="bits.cpp">
      <Filter>source</Filter>
    </ClCompile>
    <ClCompile Include="quant.cpp">
      <Filter>source</Filter>
    </ClCompile>
    <ClCompile Include="vidcodeclib.cpp">
      <Filter>source</Filter>
    </ClCompile>
    <ClCompile Include="videnc.cpp">
      <Filter>source</Filter>
    </ClCompile>
    <ClCompile Include="xform.cpp">
      <Filter>source</Filter>
    </ClCompile>
    <ClCompile Include="adaptive_filter.c">
      <Filter>source</Filter>
    </ClCompile>
    <ClCompile Include="adaptive_filter_decision.c">
      <Filter>source</Filter>
    </ClCompile>
    <ClCompile Include="adaptive_loop_filter.c">
      <Filter>source</Filter>
    </ClCompile>
    <ClCompile Include="adaptive_quantization.c">
      <Filter>source</Filter>
    </ClCompile>
    <ClCompile Include="annexb.c">
      <Filter>source</Filter>
    </ClCompile>
    <ClCompile Include="biariencode.c">
      <Filter>source</Filter>
    </ClCompile>
    <ClCompile Include="block.c">
      <Filter>source</Filter>
    </ClCompile>
    <ClCompile Include="cabac.c">
      <Filter>source</Filter>
    </ClCompile>
    <ClCompile Include="configfile.c">
      <Filter>source</Filter>
    </ClCompile>
    <ClCompile Include="context_ini.c">
      <Filter>source</Filter>
    </ClCompile>
    <ClCompile Include="decoder.c">
      <Filter>source</Filter>
    </ClCompile>
    <ClCompile Include="epzs.c">
      <Filter>source</Filter>
    </ClCompile>
    <ClCompile Include="explicit_gop.c">
      <Filter>source</Filter>
    </ClCompile>
    <ClCompile Include="fast_me.c">
      <Filter>source</Filter>
    </ClCompile>
    <ClCompile Include="filehandle.c">
      <Filter>source</Filter>
    </ClCompile>
    <ClCompile Include="fmo.c">
      <Filter>source</Filter>
    </ClCompile>
    <ClCompile Include="header.c">
      <Filter>source</Filter>
    </ClCompile>
    <ClCompile Include="image.c">
      <Filter>source</Filter>
    </ClCompile>
    <ClCompile Include="intrarefresh.c">
      <Filter>source</Filter>
    </ClCompile>
    <ClCompile Include="leaky_bucket.c">
      <Filter>source</Filter>
    </ClCompile>
    <ClCompile Include="lencod.c">
      <Filter>source</Filter>
    </ClCompile>
    <ClCompile Include="loopFilter.c">
      <Filter>source</Filter>
    </ClCompile>
    <ClCompile Include="macroblock.c">
      <Filter>source</Filter>
    </ClCompile>
    <ClCompile Include="macroblock64.c">
      <Filter>source</Filter>
    </ClCompile>
    <ClCompile Include="mb_access.c">
      <Filter>source</Filter>
    </ClCompile>
    <ClCompile Include="mbuffer.c">
      <Filter>source</Filter>
    </ClCompile>
    <ClCompile Include="memalloc.c">
      <Filter>source</Filter>
    </ClCompile>
    <ClCompile Include="mode_decision.c">
      <Filter>source</Filter>
    </ClCompile>
    <ClCompile Include="mode_decision64.c">
      <Filter>source</Filter>
    </ClCompile>
    <ClCompile Include="mv_competition.c">
      <Filter>source</Filter>
    </ClCompile>
    <ClCompile Include="mv-search.c">
      <Filter>source</Filter>
    </ClCompile>
    <ClCompile Include="mv-search64.c">
      <Filter>source</Filter>
    </ClCompile>
    <ClCompile Include="nal.c">
      <Filter>source</Filter>
    </ClCompile>
    <ClCompile Include="nalu.c">
      <Filter>source</Filter>
    </ClCompile>
    <ClCompile Include="nalucommon.c">
      <Filter>source</Filter>
    </ClCompile>
    <ClCompile Include="output.c">
      <Filter>source</Filter>
    </ClCompile>
    <ClCompile Include="parset.c">
      <Filter>source</Filter>
    </ClCompile>
    <ClCompile Include="parsetcommon.c">
      <Filter>source</Filter>
    </ClCompile>
    <ClCompile Include="q_matrix.c">
      <Filter>source</Filter>
    </ClCompile>
    <ClCompile Include="q_offsets.c">
      <Filter>source</Filter>
    </ClCompile>
    <ClCompile Include="ratectl.c">
      <Filter>source</Filter>
    </ClCompile>
    <ClCompile Include="rdopt.c">
      <Filter>source</Filter>
    </ClCompile>
    <ClCompile Include="rdopt_coding_state.c">
      <Filter>source</Filter>
    </ClCompile>
    <ClCompile Include="rdpicdecision.c">
      <Filter>source</Filter>
    </ClCompile>
    <ClCompile Include="refbuf.c">
      <Filter>source</Filter>
    </ClCompile>
    <ClCompile Include="rtp.c">
      <Filter>source</Filter>
    </ClCompile>
    <ClCompile Include="sei.c">
      <Filter>source</Filter>
    </ClCompile>
    <ClCompile Include="simplified_fast_me.c">
      <Filter>source</Filter>
    </ClCompile>
    <ClCompile Include="slice.c">
      <Filter>source</Filter>
    </ClCompile>
    <ClCompile Include="spatial_domain_coding.c">
      <Filter>source</Filter>
    </ClCompile>
    <ClCompile Include="switched_filters.c">
      <Filter>source</Filter>
    </ClCompile>
    <ClCompile Include="transform8x8.c">
      <Filter>source</Filter>
    </ClCompile>
    <ClCompile Include="vlc.c">
      <Filter>source</Filter>
    </ClCompile>
    <ClCompile Include="weighted_prediction.c">
      <Filter>source</Filter>
    </ClCompile>
    <ClCompile Include="424_functions.cpp">
      <Filter>source</Filter>
    </ClCompile>
  </ItemGroup>
  <ItemGroup>
    <Filter Include="includes">
      <UniqueIdentifier>{448e73ae-b0c9-4c3b-ba44-2c45af8042d9}</UniqueIdentifier>
    </Filter>
    <Filter Include="source">
      <UniqueIdentifier>{ec097e77-e537-43a9-a2fc-0d018a2dd2e1}</UniqueIdentifier>
    </Filter>
  </ItemGroup>
  <ItemGroup>
    <ClInclude Include="arith.h">
      <Filter>includes</Filter>
    </ClInclude>
    <ClInclude Include="bits.h">
      <Filter>includes</Filter>
    </ClInclude>
    <ClInclude Include="codeclib.h">
      <Filter>includes</Filter>
    </ClInclude>
    <ClInclude Include="quant.h">
      <Filter>includes</Filter>
    </ClInclude>
    <ClInclude Include="xform.h">
      <Filter>includes</Filter>
    </ClInclude>
    <ClInclude Include="adaptive_filter.h">
      <Filter>includes</Filter>
    </ClInclude>
    <ClInclude Include="global.h">
      <Filter>includes</Filter>
    </ClInclude>
    <ClInclude Include="memalloc.h">
      <Filter>includes</Filter>
    </ClInclude>
    <ClInclude Include="defines.h">
      <Filter>includes</Filter>
    </ClInclude>
    <ClInclude Include="vlc.h">
      <Filter>includes</Filter>
    </ClInclude>
    <ClInclude Include="mbuffer.h">
      <Filter>includes</Filter>
    </ClInclude>
    <ClInclude Include="header.h">
      <Filter>includes</Filter>
    </ClInclude>
    <ClInclude Include="adaptive_loop_filter.h">
      <Filter>source</Filter>
    </ClInclude>
    <ClInclude Include="adaptive_quantization.h">
      <Filter>source</Filter>
    </ClInclude>
    <ClInclude Include="annexb.h">
      <Filter>source</Filter>
    </ClInclude>
    <ClInclude Include="biariencode.h">
      <Filter>source</Filter>
    </ClInclude>
    <ClInclude Include="block.h">
      <Filter>source</Filter>
    </ClInclude>
    <ClInclude Include="cabac.h">
      <Filter>source</Filter>
    </ClInclude>
    <ClInclude Include="configfile.h">
      <Filter>source</Filter>
    </ClInclude>
    <ClInclude Include="context_ini.h">
      <Filter>source</Filter>
    </ClInclude>
    <ClInclude Include="contributors.h">
      <Filter>source</Filter>
    </ClInclude>
    <ClInclude Include="ctx_tables.h">
      <Filter>source</Filter>
    </ClInclude>
    <ClInclude Include="elements.h">
      <Filter>source</Filter>
    </ClInclude>
    <ClInclude Include="epzs.h">
      <Filter>source</Filter>
    </ClInclude>
    <ClInclude Include="explicit_gop.h">
      <Filter>source</Filter>
    </ClInclude>
    <ClInclude Include="fast_me.h">
      <Filter>source</Filter>
    </ClInclude>
    <ClInclude Include="fmo.h">
      <Filter>source</Filter>
    </ClInclude>
    <ClInclude Include="image.h">
      <Filter>source</Filter>
    </ClInclude>
    <ClInclude Include="intrarefresh.h">
      <Filter>source</Filter>
    </ClInclude>
    <ClInclude Include="leaky_bucket.h">
      <Filter>source</Filter>
    </ClInclude>
    <ClInclude Include="macroblock.h">
      <Filter>source</Filter>
    </ClInclude>
    <ClInclude Include="mb_access.h">
      <Filter>source</Filter>
    </ClInclude>
    <ClInclude Include="minmax.h">
      <Filter>source</Filter>
    </ClInclude>
    <ClInclude Include="mode_decision.h">
      <Filter>source</Filter>
    </ClInclude>
    <ClInclude Include="mv_competition.h">
      <Filter>source</Filter>
    </ClInclude>
    <ClInclude Include="mv-search.h">
      <Filter>source</Filter>
    </ClInclude>
    <ClInclude Include="nalu.h">
      <Filter>source</Filter>
    </ClInclude>
    <ClInclude Include="nalucommon.h">
      <Filter>source</Filter>
    </ClInclude>
    <ClInclude Include="output.h">
      <Filter>source</Filter>
    </ClInclude>
    <ClInclude Include="parset.h">
      <Filter>source</Filter>
    </ClInclude>
    <ClInclude Include="parsetcommon.h">
      <Filter>source</Filter>
    </ClInclude>
    <ClInclude Include="q_matrix.h">
      <Filter>source</Filter>
    </ClInclude>
    <ClInclude Include="q_offsets.h">
      <Filter>source</Filter>
    </ClInclude>
    <ClInclude Include="ratectl.h">
      <Filter>source</Filter>
    </ClInclude>
    <ClInclude Include="rdopt_coding_state.h">
      <Filter>source</Filter>
    </ClInclude>
    <ClInclude Include="refbuf.h">
      <Filter>source</Filter>
    </ClInclude>
    <ClInclude Include="rtp.h">
      <Filter>source</Filter>
    </ClInclude>
    <ClInclude Include="sei.h">
      <Filter>source</Filter>
    </ClInclude>
    <ClInclude Include="simplified_fast_me.h">
      <Filter>source</Filter>
    </ClInclude>
    <ClInclude Include="spatial_domain_coding.h">
      <Filter>source</Filter>
    </ClInclude>
    <ClInclude Include="switched_filters.h">
      <Filter>source</Filter>
    </ClInclude>
    <ClInclude Include="transform8x8.h">
      <Filter>source</Filter>
    </ClInclude>
    <ClInclude Include="adaptive_filter_1DAIF.h">
      <Filter>source</Filter>
    </ClInclude>
    <ClInclude Include="adaptive_filter_orig.h">
      <Filter>source</Filter>
    </ClInclude>
    <ClInclude Include="const_DAIF.h">
      <Filter>source</Filter>
    </ClInclude>
    <ClInclude Include="const_RAIF.h">
      <Filter>source</Filter>
    </ClInclude>
    <ClInclude Include="424_functions.h">
      <Filter>includes</Filter>
    </ClInclude>
  </ItemGroup>
</Project>